
Microsoft Visual Studio Solution File, Format Version 12.00
# Visual Studio Version 17
VisualStudioVersion = 17.1.32421.90
MinimumVisualStudioVersion = 10.0.40219.1
Project("{FAE04EC0-301F-11D3-BF4B-00C04F79EFBC}") = "MessengerPAPS", "MessengerPAPS.csproj", "{35DC7C23-A25C-4D92-B78C-EB514009357E}"
EndProject
Global
	GlobalSection(SolutionConfigurationPlatforms) = preSolution
		Debug|Any CPU = Debug|Any CPU
		Release|Any CPU = Release|Any CPU
	EndGlobalSection
	GlobalSection(ProjectConfigurationPlatforms) = postSolution
		{35DC7C23-A25C-4D92-B78C-EB514009357E}.Debug|Any CPU.ActiveCfg = Debug|Any CPU
		{35DC7C23-A25C-4D92-B78C-EB514009357E}.Debug|Any CPU.Build.0 = Debug|Any CPU
		{35DC7C23-A25C-4D92-B78C-EB514009357E}.Release|Any CPU.ActiveCfg = Release|Any CPU
		{35DC7C23-A25C-4D92-B78C-EB514009357E}.Release|Any CPU.Build.0 = Release|Any CPU
	EndGlobalSection
	GlobalSection(SolutionProperties) = preSolution
		HideSolutionNode = FALSE
	EndGlobalSection
	GlobalSection(ExtensibilityGlobals) = postSolution
		SolutionGuid = {433A02E6-71F9-497E-81B4-04CE8799F8C2}
	EndGlobalSection
EndGlobal
